
Microsoft Visual Studio Solution File, Format Version 12.00
# Visual Studio Version 16
VisualStudioVersion = 16.0.31729.503
MinimumVisualStudioVersion = 10.0.40219.1
Project("{9A19103F-16F7-4668-BE54-9A1E7A4F7556}") = "RestaurantAPI", "RestaurantAPI.csproj", "{D60435D2-FFFC-40A8-9266-FC4FACD085AB}"
EndProject
Global
	GlobalSection(SolutionConfigurationPlatforms) = preSolution
		Debug|Any CPU = Debug|Any CPU
		Release|Any CPU = Release|Any CPU
	EndGlobalSection
	GlobalSection(ProjectConfigurationPlatforms) = postSolution
		{D60435D2-FFFC-40A8-9266-FC4FACD085AB}.Debug|Any CPU.ActiveCfg = Debug|Any CPU
		{D60435D2-FFFC-40A8-9266-FC4FACD085AB}.Debug|Any CPU.Build.0 = Debug|Any CPU
		{D60435D2-FFFC-40A8-9266-FC4FACD085AB}.Release|Any CPU.ActiveCfg = Release|Any CPU
		{D60435D2-FFFC-40A8-9266-FC4FACD085AB}.Release|Any CPU.Build.0 = Release|Any CPU
	EndGlobalSection
	GlobalSection(SolutionProperties) = preSolution
		HideSolutionNode = FALSE
	EndGlobalSection
	GlobalSection(ExtensibilityGlobals) = postSolution
		SolutionGuid = {557DEE0B-867E-4925-A408-18ACBAE6AE17}
	EndGlobalSection
EndGlobal
